
Microsoft Visual Studio Solution File, Format Version 12.00
# Visual Studio 15
VisualStudioVersion = 15.0.28307.779
MinimumVisualStudioVersion = 10.0.40219.1
Project("{FAE04EC0-301F-11D3-BF4B-00C04F79EFBC}") = "Speiseplan", "Speiseplan\Speiseplan.csproj", "{9D4C8ECD-EA29-4965-B9EF-04712E282571}"
EndProject
Global
	GlobalSection(SolutionConfigurationPlatforms) = preSolution
		Debug|Any CPU = Debug|Any CPU
		Debug|x64 = Debug|x64
		Release|Any CPU = Release|Any CPU
		Release|x64 = Release|x64
	EndGlobalSection
	GlobalSection(ProjectConfigurationPlatforms) = postSolution
		{9D4C8ECD-EA29-4965-B9EF-04712E282571}.Debug|Any CPU.ActiveCfg = Debug|Any CPU
		{9D4C8ECD-EA29-4965-B9EF-04712E282571}.Debug|Any CPU.Build.0 = Debug|Any CPU
		{9D4C8ECD-EA29-4965-B9EF-04712E282571}.Debug|x64.ActiveCfg = Debug|x64
		{9D4C8ECD-EA29-4965-B9EF-04712E282571}.Debug|x64.Build.0 = Debug|x64
		{9D4C8ECD-EA29-4965-B9EF-04712E282571}.Release|Any CPU.ActiveCfg = Release|Any CPU
		{9D4C8ECD-EA29-4965-B9EF-04712E282571}.Release|Any CPU.Build.0 = Release|Any CPU
		{9D4C8ECD-EA29-4965-B9EF-04712E282571}.Release|x64.ActiveCfg = Release|x64
		{9D4C8ECD-EA29-4965-B9EF-04712E282571}.Release|x64.Build.0 = Release|x64
	EndGlobalSection
	GlobalSection(SolutionProperties) = preSolution
		HideSolutionNode = FALSE
	EndGlobalSection
	GlobalSection(ExtensibilityGlobals) = postSolution
		SolutionGuid = {9FCE6CB7-1800-4640-8204-2ED3781A0D9B}
	EndGlobalSection
EndGlobal
